<?xml version="1.0" encoding="utf-8"?>
<Project ToolsVersion="4.0" xmlns="http://schemas.microsoft.com/developer/msbuild/2003">
  <ItemGroup>
    <Filter Include="Source Files">
      <UniqueIdentifier>{edaa976d-b816-497c-bb5f-6cc015081fd3}</UniqueIdentifier>
      <Extensions>cpp;c;cxx;rc;def;r;odl;idl;hpj;bat</Extensions>
    </Filter>
    <Filter Include="Header Files">
      <UniqueIdentifier>{455bbe20-ff8a-4287-a90c-f2fa80dee0ee}</UniqueIdentifier>
      <Extensions>h;hpp;hxx;hm;inl</Extensions>
    </Filter>
    <Filter Include="Resource Files">
      <UniqueIdentifier>{2c8e8da0-9dc5-4b89-bfa0-4db737a5f5ca}</UniqueIdentifier>
      <Extensions>ico;cur;bmp;dlg;rc2;rct;bin;rgs;gif;jpg;jpeg;jpe</Extensions>
    </Filter>
  </ItemGroup>
  <ItemGroup>
    <ClCompile Include="AboutDlg.cpp">
      <Filter>Source Files</Filter>
    </ClCompile>
    <ClCompile Include="Base64.cpp">
      <Filter>Source Files</Filter>
    </ClCompile>
    <ClCompile Include="BitmapMenu.cpp">
      <Filter>Source Files</Filter>
    </ClCompile>
    <ClCompile Include="CardPPL.cpp">
      <Filter>Source Files</Filter>
    </ClCompile>
    <ClCompile Include="ChildFrm.cpp">
      <Filter>Source Files</Filter>
    </ClCompile>
    <ClCompile Include="Crc32Static.cpp">
      <Filter>Source Files</Filter>
    </ClCompile>
    <ClCompile Include="CustomizeDialog.cpp">
      <Filter>Source Files</Filter>
    </ClCompile>
    <ClCompile Include="DataVal.cpp">
      <Filter>Source Files</Filter>
    </ClCompile>
    <ClCompile Include="GetPPL.cpp">
      <Filter>Source Files</Filter>
    </ClCompile>
    <ClCompile Include="GridCtrl.cpp">
      <Filter>Source Files</Filter>
    </ClCompile>
    <ClCompile Include="HyperLink.cpp">
      <Filter>Source Files</Filter>
    </ClCompile>
    <ClCompile Include="InPlaceEdit.cpp">
      <Filter>Source Files</Filter>
    </ClCompile>
    <ClCompile Include="InPlaceList.cpp">
      <Filter>Source Files</Filter>
    </ClCompile>
    <ClCompile Include="ListPPL.cpp">
      <Filter>Source Files</Filter>
    </ClCompile>
    <ClCompile Include="LzwCom.cpp">
      <Filter>Source Files</Filter>
    </ClCompile>
    <ClCompile Include="MainFrm.cpp">
      <Filter>Source Files</Filter>
    </ClCompile>
    <ClCompile Include="Masked.cpp">
      <Filter>Source Files</Filter>
    </ClCompile>
    <ClCompile Include="md5.cpp">
      <Filter>Source Files</Filter>
    </ClCompile>
    <ClCompile Include="MsgDlg.cpp">
      <Filter>Source Files</Filter>
    </ClCompile>
    <ClCompile Include="ProgBar.cpp">
      <Filter>Source Files</Filter>
    </ClCompile>
    <ClCompile Include="Progress.cpp">
      <Filter>Source Files</Filter>
    </ClCompile>
    <ClCompile Include="PropDlg.cpp">
      <Filter>Source Files</Filter>
    </ClCompile>
    <ClCompile Include="ResizableDialog.cpp">
      <Filter>Source Files</Filter>
    </ClCompile>
    <ClCompile Include="ResizableFormView.cpp">
      <Filter>Source Files</Filter>
    </ClCompile>
    <ClCompile Include="ResizableGrip.cpp">
      <Filter>Source Files</Filter>
    </ClCompile>
    <ClCompile Include="ResizableLayout.cpp">
      <Filter>Source Files</Filter>
    </ClCompile>
    <ClCompile Include="ResizableMinMax.cpp">
      <Filter>Source Files</Filter>
    </ClCompile>
    <ClCompile Include="ResizablePage.cpp">
      <Filter>Source Files</Filter>
    </ClCompile>
    <ClCompile Include="ResizablePageEx.cpp">
      <Filter>Source Files</Filter>
    </ClCompile>
    <ClCompile Include="ResizableSheet.cpp">
      <Filter>Source Files</Filter>
    </ClCompile>
    <ClCompile Include="ResizableSheetEx.cpp">
      <Filter>Source Files</Filter>
    </ClCompile>
    <ClCompile Include="ResizableState.cpp">
      <Filter>Source Files</Filter>
    </ClCompile>
    <ClCompile Include="rsa.cpp">
      <Filter>Source Files</Filter>
    </ClCompile>
    <ClCompile Include="StdAfx.cpp">
      <Filter>Source Files</Filter>
    </ClCompile>
    <ClCompile Include="Sxbutton.cpp">
      <Filter>Source Files</Filter>
    </ClCompile>
    <ClCompile Include="time64.cpp">
      <Filter>Source Files</Filter>
    </ClCompile>
    <ClCompile Include="ToolbarEx.cpp">
      <Filter>Source Files</Filter>
    </ClCompile>
    <ClCompile Include="tools.cpp">
      <Filter>Source Files</Filter>
    </ClCompile>
    <ClCompile Include="Trans30.cpp">
      <Filter>Source Files</Filter>
    </ClCompile>
    <ClCompile Include="Transfer.cpp">
      <Filter>Source Files</Filter>
    </ClCompile>
    <ClCompile Include="TrnCmdPg.cpp">
      <Filter>Source Files</Filter>
    </ClCompile>
    <ClCompile Include="TrnExcPg.cpp">
      <Filter>Source Files</Filter>
    </ClCompile>
    <ClCompile Include="TrnGenPg.cpp">
      <Filter>Source Files</Filter>
    </ClCompile>
    <ClCompile Include="TrnIntPg.cpp">
      <Filter>Source Files</Filter>
    </ClCompile>
    <ClCompile Include="TrnOptPg.cpp">
      <Filter>Source Files</Filter>
    </ClCompile>
    <ClCompile Include="TrnParm.cpp">
      <Filter>Source Files</Filter>
    </ClCompile>
    <ClCompile Include="TrnPrcPg.cpp">
      <Filter>Source Files</Filter>
    </ClCompile>
    <ClCompile Include="TrnStart.cpp">
      <Filter>Source Files</Filter>
    </ClCompile>
    <ClCompile Include="TrnTabPg.cpp">
      <Filter>Source Files</Filter>
    </ClCompile>
  </ItemGroup>
  <ItemGroup>
    <ResourceCompile Include="Trans30.rc">
      <Filter>Source Files</Filter>
    </ResourceCompile>
  </ItemGroup>
  <ItemGroup>
    <ClInclude Include="AboutDlg.h">
      <Filter>Header Files</Filter>
    </ClInclude>
    <ClInclude Include="Base64.h">
      <Filter>Header Files</Filter>
    </ClInclude>
    <ClInclude Include="BitmapMenu.h">
      <Filter>Header Files</Filter>
    </ClInclude>
    <ClInclude Include="CardPPL.h">
      <Filter>Header Files</Filter>
    </ClInclude>
    <ClInclude Include="CellRange.h">
      <Filter>Header Files</Filter>
    </ClInclude>
    <ClInclude Include="ChildFrm.h">
      <Filter>Header Files</Filter>
    </ClInclude>
    <ClInclude Include="Crc32Static.h">
      <Filter>Header Files</Filter>
    </ClInclude>
    <ClInclude Include="CustomizeDialog.h">
      <Filter>Header Files</Filter>
    </ClInclude>
    <ClInclude Include="DataVal.h">
      <Filter>Header Files</Filter>
    </ClInclude>
    <ClInclude Include="GetPPL.h">
      <Filter>Header Files</Filter>
    </ClInclude>
    <ClInclude Include="GridCtrl.h">
      <Filter>Header Files</Filter>
    </ClInclude>
    <ClInclude Include="HyperLink.h">
      <Filter>Header Files</Filter>
    </ClInclude>
    <ClInclude Include="InPlaceEdit.h">
      <Filter>Header Files</Filter>
    </ClInclude>
    <ClInclude Include="InPlaceList.h">
      <Filter>Header Files</Filter>
    </ClInclude>
    <ClInclude Include="ListPPL.h">
      <Filter>Header Files</Filter>
    </ClInclude>
    <ClInclude Include="LzwCom.h">
      <Filter>Header Files</Filter>
    </ClInclude>
    <ClInclude Include="MainFrm.h">
      <Filter>Header Files</Filter>
    </ClInclude>
    <ClInclude Include="Masked.h">
      <Filter>Header Files</Filter>
    </ClInclude>
    <ClInclude Include="MemDC.h">
      <Filter>Header Files</Filter>
    </ClInclude>
    <ClInclude Include="MsgDlg.h">
      <Filter>Header Files</Filter>
    </ClInclude>
    <ClInclude Include="ProgBar.h">
      <Filter>Header Files</Filter>
    </ClInclude>
    <ClInclude Include="Progress.h">
      <Filter>Header Files</Filter>
    </ClInclude>
    <ClInclude Include="PropDlg.h">
      <Filter>Header Files</Filter>
    </ClInclude>
    <ClInclude Include="ResizableDialog.h">
      <Filter>Header Files</Filter>
    </ClInclude>
    <ClInclude Include="ResizableFormView.h">
      <Filter>Header Files</Filter>
    </ClInclude>
    <ClInclude Include="ResizableGrip.h">
      <Filter>Header Files</Filter>
    </ClInclude>
    <ClInclude Include="ResizableLayout.h">
      <Filter>Header Files</Filter>
    </ClInclude>
    <ClInclude Include="ResizableMinMax.h">
      <Filter>Header Files</Filter>
    </ClInclude>
    <ClInclude Include="ResizablePage.h">
      <Filter>Header Files</Filter>
    </ClInclude>
    <ClInclude Include="ResizablePageEx.h">
      <Filter>Header Files</Filter>
    </ClInclude>
    <ClInclude Include="ResizableSheet.h">
      <Filter>Header Files</Filter>
    </ClInclude>
    <ClInclude Include="ResizableSheetEx.h">
      <Filter>Header Files</Filter>
    </ClInclude>
    <ClInclude Include="ResizableState.h">
      <Filter>Header Files</Filter>
    </ClInclude>
    <ClInclude Include="Resource.h">
      <Filter>Header Files</Filter>
    </ClInclude>
    <ClInclude Include="StdAfx.h">
      <Filter>Header Files</Filter>
    </ClInclude>
    <ClInclude Include="Strings.h">
      <Filter>Header Files</Filter>
    </ClInclude>
    <ClInclude Include="Sxbutton.h">
      <Filter>Header Files</Filter>
    </ClInclude>
    <ClInclude Include="time64.h">
      <Filter>Header Files</Filter>
    </ClInclude>
    <ClInclude Include="ToolbarEx.h">
      <Filter>Header Files</Filter>
    </ClInclude>
    <ClInclude Include="tools.h">
      <Filter>Header Files</Filter>
    </ClInclude>
    <ClInclude Include="Trans30.h">
      <Filter>Header Files</Filter>
    </ClInclude>
    <ClInclude Include="Transfer.h">
      <Filter>Header Files</Filter>
    </ClInclude>
    <ClInclude Include="TrnCmdPg.h">
      <Filter>Header Files</Filter>
    </ClInclude>
    <ClInclude Include="TrnExcPg.h">
      <Filter>Header Files</Filter>
    </ClInclude>
    <ClInclude Include="TrnGenPg.h">
      <Filter>Header Files</Filter>
    </ClInclude>
    <ClInclude Include="TrnIntPg.h">
      <Filter>Header Files</Filter>
    </ClInclude>
    <ClInclude Include="TrnOptPg.h">
      <Filter>Header Files</Filter>
    </ClInclude>
    <ClInclude Include="TrnParm.h">
      <Filter>Header Files</Filter>
    </ClInclude>
    <ClInclude Include="TrnPrcPg.h">
      <Filter>Header Files</Filter>
    </ClInclude>
    <ClInclude Include="TrnStart.h">
      <Filter>Header Files</Filter>
    </ClInclude>
    <ClInclude Include="TrnTabPg.h">
      <Filter>Header Files</Filter>
    </ClInclude>
  </ItemGroup>
  <ItemGroup>
    <None Include="res\Add.ico">
      <Filter>Resource Files</Filter>
    </None>
    <None Include="res\binary.bin">
      <Filter>Resource Files</Filter>
    </None>
    <None Include="res\Cancel.ico">
      <Filter>Resource Files</Filter>
    </None>
    <None Include="res\Cardexp.ico">
      <Filter>Resource Files</Filter>
    </None>
    <None Include="res\Cardfile.ico">
      <Filter>Resource Files</Filter>
    </None>
    <None Include="res\Cardimp.ico">
      <Filter>Resource Files</Filter>
    </None>
    <None Include="res\Conv.ico">
      <Filter>Resource Files</Filter>
    </None>
    <None Include="res\conv1.ico">
      <Filter>Resource Files</Filter>
    </None>
    <None Include="res\convs.ico">
      <Filter>Resource Files</Filter>
    </None>
    <None Include="res\Crdfiles.ico">
      <Filter>Resource Files</Filter>
    </None>
    <None Include="res\Data.bmp">
      <Filter>Resource Files</Filter>
    </None>
    <None Include="res\Delete.ico">
      <Filter>Resource Files</Filter>
    </None>
    <None Include="res\Edit.ico">
      <Filter>Resource Files</Filter>
    </None>
    <None Include="res\Help.ico">
      <Filter>Resource Files</Filter>
    </None>
    <None Include="res\Insert.ico">
      <Filter>Resource Files</Filter>
    </None>
    <None Include="res\No.ico">
      <Filter>Resource Files</Filter>
    </None>
    <None Include="res\Ok.ico">
      <Filter>Resource Files</Filter>
    </None>
    <None Include="res\Paddoc.ico">
      <Filter>Resource Files</Filter>
    </None>
    <None Include="res\Save.ico">
      <Filter>Resource Files</Filter>
    </None>
    <None Include="res\SmallPPL.bmp">
      <Filter>Resource Files</Filter>
    </None>
    <None Include="res\Toolbar.bmp">
      <Filter>Resource Files</Filter>
    </None>
    <None Include="res\Trans.ico">
      <Filter>Resource Files</Filter>
    </None>
    <None Include="res\Trans30.ico">
      <Filter>Resource Files</Filter>
    </None>
    <None Include="res\Trans30.rc2">
      <Filter>Resource Files</Filter>
    </None>
    <None Include="res\Eartha.avi" />
    <None Include="ClassDiagram1.cd" />
  </ItemGroup>
</Project>